{
    "name": "startbootstrap-sb-admin-2",
    "version": "4.1.4",
    "lockfileVersion": 3,
    "requires": true,
    "packages": {
        "": {
            "name": "startbootstrap-sb-admin-2",
            "version": "4.1.4",
            "license": "MIT",
            "dependencies": {
                "@fortawesome/fontawesome-free": "6.5.1",
                "bootstrap": "5.3.3",
                "chart.js": "4.4.2",
                "datatables.net-bs5": "2.0.2",
                "jquery": "3.7.1",
                "tinymce": "6.8.3"
            }
        },
        "node_modules/@fortawesome/fontawesome-free": {
            "version": "6.5.1",
            "resolved": "https://registry.npmjs.org/@fortawesome/fontawesome-free/-/fontawesome-free-6.5.1.tgz",
            "integrity": "sha512-CNy5vSwN3fsUStPRLX7fUYojyuzoEMSXPl7zSLJ8TgtRfjv24LOnOWKT2zYwaHZCJGkdyRnTmstR0P+Ah503Gw==",
            "hasInstallScript": true,
            "engines": {
                "node": ">=6"
            }
        },
        "node_modules/@kurkle/color": {
            "version": "0.3.2",
            "resolved": "https://registry.npmjs.org/@kurkle/color/-/color-0.3.2.tgz",
            "integrity": "sha512-fuscdXJ9G1qb7W8VdHi+IwRqij3lBkosAm4ydQtEmbY58OzHXqQhvlxqEkoz0yssNVn38bcpRWgA9PP+OGoisw=="
        },
        "node_modules/@popperjs/core": {
            "version": "2.11.8",
            "resolved": "https://registry.npmjs.org/@popperjs/core/-/core-2.11.8.tgz",
            "integrity": "sha512-P1st0aksCrn9sGZhp8GMYwBnQsbvAWsZAX44oXNNvLHGqAOcoVxmjZiohstwQ7SqKnbR47akdNi+uleWD8+g6A==",
            "peer": true,
            "funding": {
                "type": "opencollective",
                "url": "https://opencollective.com/popperjs"
            }
        },
        "node_modules/bootstrap": {
            "version": "5.3.3",
            "resolved": "https://registry.npmjs.org/bootstrap/-/bootstrap-5.3.3.tgz",
            "integrity": "sha512-8HLCdWgyoMguSO9o+aH+iuZ+aht+mzW0u3HIMzVu7Srrpv7EBBxTnrFlSCskwdY1+EOFQSm7uMJhNQHkdPcmjg==",
            "funding": [
                {
                    "type": "github",
                    "url": "https://github.com/sponsors/twbs"
                },
                {
                    "type": "opencollective",
                    "url": "https://opencollective.com/bootstrap"
                }
            ],
            "peerDependencies": {
                "@popperjs/core": "^2.11.8"
            }
        },
        "node_modules/chart.js": {
            "version": "4.4.2",
            "resolved": "https://registry.npmjs.org/chart.js/-/chart.js-4.4.2.tgz",
            "integrity": "sha512-6GD7iKwFpP5kbSD4MeRRRlTnQvxfQREy36uEtm1hzHzcOqwWx0YEHuspuoNlslu+nciLIB7fjjsHkUv/FzFcOg==",
            "dependencies": {
                "@kurkle/color": "^0.3.0"
            },
            "engines": {
                "pnpm": ">=8"
            }
        },
        "node_modules/datatables.net-bs5": {
            "version": "2.0.2",
            "resolved": "https://registry.npmjs.org/datatables.net-bs5/-/datatables.net-bs5-2.0.2.tgz",
            "integrity": "sha512-DT8UDglmFroQ+40W3ElSiil73ISc2bK8n7EjNdN2iFrX31mxDTWo4NA/fBBFWEXHTxOpi0V4vD7zTq0SxP0Pvw==",
            "dependencies": {
                "datatables.net": "2.0.2",
                "jquery": ">=1.7"
            }
        },
        "node_modules/datatables.net-bs5/node_modules/datatables.net": {
            "version": "2.0.2",
            "resolved": "https://registry.npmjs.org/datatables.net/-/datatables.net-2.0.2.tgz",
            "integrity": "sha512-uQM+s1oXhpTajUw5DCxarpfAtQJMh0MKFCLZMCc+UWLWPg8ipe6L2zgDMbRC8n9UCwGVpHOwUYlQu2JU1/PhSg==",
            "dependencies": {
                "jquery": ">=1.7"
            }
        },
        "node_modules/jquery": {
            "version": "3.7.1",
            "resolved": "https://registry.npmjs.org/jquery/-/jquery-3.7.1.tgz",
            "integrity": "sha512-m4avr8yL8kmFN8psrbFFFmB/If14iN5o9nw/NgnnM+kybDJpRsAynV2BsfpTYrTRysYUdADVD7CkUUizgkpLfg=="
        },
        "node_modules/tinymce": {
            "version": "6.8.3",
            "resolved": "https://registry.npmjs.org/tinymce/-/tinymce-6.8.3.tgz",
            "integrity": "sha512-3fCHKAeqT+xNwBVESf6iDbDV0VNwZNmfrkx9c/6Gz5iB8piMfaO6s7FvoiTrj1hf1gVbfyLTnz1DooI6DhgINQ=="
        }
    }
}
